<Solution>
  <Project Path="CodingPractice-01\CodingPractice-01.csproj" />
  <Project Path="CodingPractice-02\CodingPractice-02.csproj" />
  <Project Path="NullableScoreBoard\NullableScoreBoard.csproj" />
  <Project Path="ChainedFallback\ChainedFallback.csproj" />
  <Project Path="SafeInventory\SafeInventory.csproj" />
</Solution>
